
Microsoft Visual Studio Solution File, Format Version 12.00
# Visual Studio Version 17
VisualStudioVersion = 17.4.33110.190
MinimumVisualStudioVersion = 10.0.40219.1
Project("{888888A0-9F3D-457C-B088-3A5042F75D52}") = "AutoAgilearn", "AutoAgilearn.pyproj", "{66307644-9722-412D-9407-D4F8DB954E89}"
EndProject
Global
	GlobalSection(SolutionConfigurationPlatforms) = preSolution
		Debug|Any CPU = Debug|Any CPU
		Release|Any CPU = Release|Any CPU
	EndGlobalSection
	GlobalSection(ProjectConfigurationPlatforms) = postSolution
		{66307644-9722-412D-9407-D4F8DB954E89}.Debug|Any CPU.ActiveCfg = Debug|Any CPU
		{66307644-9722-412D-9407-D4F8DB954E89}.Release|Any CPU.ActiveCfg = Release|Any CPU
	EndGlobalSection
	GlobalSection(SolutionProperties) = preSolution
		HideSolutionNode = FALSE
	EndGlobalSection
	GlobalSection(ExtensibilityGlobals) = postSolution
		SolutionGuid = {6632DF85-90D6-41EE-B366-EFE15CF1F4EB}
	EndGlobalSection
EndGlobal
